// !$*UTF8*$!
{
	archiveVersion = 1;
	classes = {
	};
	objectVersion = 50;
	objects = {

/* Begin PBXBuildFile section */
		5BF2DAEE2311CB7100B06081 /* AppDelegate.swift in Sources */ = {isa = PBXBuildFile; fileRef = 5BF2DAED2311CB7100B06081 /* AppDelegate.swift */; };
		5BF2DAF32311CB7100B06081 /* Main.storyboard in Resources */ = {isa = PBXBuildFile; fileRef = 5BF2DAF12311CB7100B06081 /* Main.storyboard */; };
		5BF2DAF52311CB7300B06081 /* Assets.xcassets in Resources */ = {isa = PBXBuildFile; fileRef = 5BF2DAF42311CB7300B06081 /* Assets.xcassets */; };
		5BF2DAF82311CB7300B06081 /* LaunchScreen.storyboard in Resources */ = {isa = PBXBuildFile; fileRef = 5BF2DAF62311CB7300B06081 /* LaunchScreen.storyboard */; };
		5BF2DB032311CE1000B06081 /* QuizViewController.swift in Sources */ = {isa = PBXBuildFile; fileRef = 5BF2DB022311CE1000B06081 /* QuizViewController.swift */; };
		5BF2DB052311CE2900B06081 /* QuizViewModel.swift in Sources */ = {isa = PBXBuildFile; fileRef = 5BF2DB042311CE2900B06081 /* QuizViewModel.swift */; };
		5BF2DB072311CE4F00B06081 /* Quiz.swift in Sources */ = {isa = PBXBuildFile; fileRef = 5BF2DB062311CE4F00B06081 /* Quiz.swift */; };
		5BF2DB0A2311D4A500B06081 /* NetworkManager.swift in Sources */ = {isa = PBXBuildFile; fileRef = 5BF2DB092311D4A500B06081 /* NetworkManager.swift */; };
		5BF2DB0D2312F9B600B06081 /* SearchHeaderView.swift in Sources */ = {isa = PBXBuildFile; fileRef = 5BF2DB0C2312F9B600B06081 /* SearchHeaderView.swift */; };
		5BF2DB0F2312F9C100B06081 /* XibLoadedView.swift in Sources */ = {isa = PBXBuildFile; fileRef = 5BF2DB0E2312F9C100B06081 /* XibLoadedView.swift */; };
		5BF2DB112312FA8200B06081 /* SearchHeaderView.xib in Resources */ = {isa = PBXBuildFile; fileRef = 5BF2DB102312FA8200B06081 /* SearchHeaderView.xib */; };
/* End PBXBuildFile section */

/* Begin PBXFileReference section */
		5BF2DAEA2311CB7100B06081 /* javaquiz.app */ = {isa = PBXFileReference; explicitFileType = wrapper.application; includeInIndex = 0; path = javaquiz.app; sourceTree = BUILT_PRODUCTS_DIR; };
		5BF2DAED2311CB7100B06081 /* AppDelegate.swift */ = {isa = PBXFileReference; lastKnownFileType = sourcecode.swift; path = AppDelegate.swift; sourceTree = "<group>"; };
		5BF2DAF22311CB7100B06081 /* Base */ = {isa = PBXFileReference; lastKnownFileType = file.storyboard; name = Base; path = Base.lproj/Main.storyboard; sourceTree = "<group>"; };
		5BF2DAF42311CB7300B06081 /* Assets.xcassets */ = {isa = PBXFileReference; lastKnownFileType = folder.assetcatalog; path = Assets.xcassets; sourceTree = "<group>"; };
		5BF2DAF72311CB7300B06081 /* Base */ = {isa = PBXFileReference; lastKnownFileType = file.storyboard; name = Base; path = Base.lproj/LaunchScreen.storyboard; sourceTree = "<group>"; };
		5BF2DAF92311CB7300B06081 /* Info.plist */ = {isa = PBXFileReference; lastKnownFileType = text.plist.xml; path = Info.plist; sourceTree = "<group>"; };
		5BF2DB022311CE1000B06081 /* QuizViewController.swift */ = {isa = PBXFileReference; lastKnownFileType = sourcecode.swift; path = QuizViewController.swift; sourceTree = "<group>"; };
		5BF2DB042311CE2900B06081 /* QuizViewModel.swift */ = {isa = PBXFileReference; lastKnownFileType = sourcecode.swift; path = QuizViewModel.swift; sourceTree = "<group>"; };
		5BF2DB062311CE4F00B06081 /* Quiz.swift */ = {isa = PBXFileReference; lastKnownFileType = sourcecode.swift; path = Quiz.swift; sourceTree = "<group>"; };
		5BF2DB092311D4A500B06081 /* NetworkManager.swift */ = {isa = PBXFileReference; lastKnownFileType = sourcecode.swift; path = NetworkManager.swift; sourceTree = "<group>"; };
		5BF2DB0C2312F9B600B06081 /* SearchHeaderView.swift */ = {isa = PBXFileReference; lastKnownFileType = sourcecode.swift; path = SearchHeaderView.swift; sourceTree = "<group>"; };
		5BF2DB0E2312F9C100B06081 /* XibLoadedView.swift */ = {isa = PBXFileReference; lastKnownFileType = sourcecode.swift; path = XibLoadedView.swift; sourceTree = "<group>"; };
		5BF2DB102312FA8200B06081 /* SearchHeaderView.xib */ = {isa = PBXFileReference; lastKnownFileType = file.xib; path = SearchHeaderView.xib; sourceTree = "<group>"; };
/* End PBXFileReference section */

/* Begin PBXFrameworksBuildPhase section */
		5BF2DAE72311CB7100B06081 /* Frameworks */ = {
			isa = PBXFrameworksBuildPhase;
			buildActionMask = 2147483647;
			files = (
			);
			runOnlyForDeploymentPostprocessing = 0;
		};
/* End PBXFrameworksBuildPhase section */

/* Begin PBXGroup section */
		5BF2DAE12311CB7100B06081 = {
			isa = PBXGroup;
			children = (
				5BF2DAEC2311CB7100B06081 /* javaquiz */,
				5BF2DAEB2311CB7100B06081 /* Products */,
			);
			sourceTree = "<group>";
		};
		5BF2DAEB2311CB7100B06081 /* Products */ = {
			isa = PBXGroup;
			children = (
				5BF2DAEA2311CB7100B06081 /* javaquiz.app */,
			);
			name = Products;
			sourceTree = "<group>";
		};
		5BF2DAEC2311CB7100B06081 /* javaquiz */ = {
			isa = PBXGroup;
			children = (
				5BF2DB082311D47800B06081 /* Services */,
				5BF2DB012311CCC700B06081 /* View */,
				5BF2DB002311CCBF00B06081 /* ViewModel */,
				5BF2DAFF2311CCB700B06081 /* Model */,
				5BF2DAED2311CB7100B06081 /* AppDelegate.swift */,
				5BF2DAF12311CB7100B06081 /* Main.storyboard */,
				5BF2DAF42311CB7300B06081 /* Assets.xcassets */,
				5BF2DAF62311CB7300B06081 /* LaunchScreen.storyboard */,
				5BF2DAF92311CB7300B06081 /* Info.plist */,
			);
			path = javaquiz;
			sourceTree = "<group>";
		};
		5BF2DAFF2311CCB700B06081 /* Model */ = {
			isa = PBXGroup;
			children = (
				5BF2DB062311CE4F00B06081 /* Quiz.swift */,
			);
			path = Model;
			sourceTree = "<group>";
		};
		5BF2DB002311CCBF00B06081 /* ViewModel */ = {
			isa = PBXGroup;
			children = (
				5BF2DB042311CE2900B06081 /* QuizViewModel.swift */,
			);
			path = ViewModel;
			sourceTree = "<group>";
		};
		5BF2DB012311CCC700B06081 /* View */ = {
			isa = PBXGroup;
			children = (
				5BF2DB0B2312F95900B06081 /* Custom */,
				5BF2DB022311CE1000B06081 /* QuizViewController.swift */,
			);
			path = View;
			sourceTree = "<group>";
		};
		5BF2DB082311D47800B06081 /* Services */ = {
			isa = PBXGroup;
			children = (
				5BF2DB092311D4A500B06081 /* NetworkManager.swift */,
			);
			path = Services;
			sourceTree = "<group>";
		};
		5BF2DB0B2312F95900B06081 /* Custom */ = {
			isa = PBXGroup;
			children = (
				5BF2DB0C2312F9B600B06081 /* SearchHeaderView.swift */,
				5BF2DB0E2312F9C100B06081 /* XibLoadedView.swift */,
				5BF2DB102312FA8200B06081 /* SearchHeaderView.xib */,
			);
			path = Custom;
			sourceTree = "<group>";
		};
/* End PBXGroup section */

/* Begin PBXNativeTarget section */
		5BF2DAE92311CB7100B06081 /* javaquiz */ = {
			isa = PBXNativeTarget;
			buildConfigurationList = 5BF2DAFC2311CB7300B06081 /* Build configuration list for PBXNativeTarget "javaquiz" */;
			buildPhases = (
				5BF2DAE62311CB7100B06081 /* Sources */,
				5BF2DAE72311CB7100B06081 /* Frameworks */,
				5BF2DAE82311CB7100B06081 /* Resources */,
			);
			buildRules = (
			);
			dependencies = (
			);
			name = javaquiz;
			productName = javaquiz;
			productReference = 5BF2DAEA2311CB7100B06081 /* javaquiz.app */;
			productType = "com.apple.product-type.application";
		};
/* End PBXNativeTarget section */

/* Begin PBXProject section */
		5BF2DAE22311CB7100B06081 /* Project object */ = {
			isa = PBXProject;
			attributes = {
				LastSwiftUpdateCheck = 1030;
				LastUpgradeCheck = 1030;
				ORGANIZATIONNAME = "André Bedran";
				TargetAttributes = {
					5BF2DAE92311CB7100B06081 = {
						CreatedOnToolsVersion = 10.3;
					};
				};
			};
			buildConfigurationList = 5BF2DAE52311CB7100B06081 /* Build configuration list for PBXProject "javaquiz" */;
			compatibilityVersion = "Xcode 9.3";
			developmentRegion = en;
			hasScannedForEncodings = 0;
			knownRegions = (
				en,
				Base,
			);
			mainGroup = 5BF2DAE12311CB7100B06081;
			productRefGroup = 5BF2DAEB2311CB7100B06081 /* Products */;
			projectDirPath = "";
			projectRoot = "";
			targets = (
				5BF2DAE92311CB7100B06081 /* javaquiz */,
			);
		};
/* End PBXProject section */

/* Begin PBXResourcesBuildPhase section */
		5BF2DAE82311CB7100B06081 /* Resources */ = {
			isa = PBXResourcesBuildPhase;
			buildActionMask = 2147483647;
			files = (
				5BF2DAF82311CB7300B06081 /* LaunchScreen.storyboard in Resources */,
				5BF2DAF52311CB7300B06081 /* Assets.xcassets in Resources */,
				5BF2DAF32311CB7100B06081 /* Main.storyboard in Resources */,
				5BF2DB112312FA8200B06081 /* SearchHeaderView.xib in Resources */,
			);
			runOnlyForDeploymentPostprocessing = 0;
		};
/* End PBXResourcesBuildPhase section */

/* Begin PBXSourcesBuildPhase section */
		5BF2DAE62311CB7100B06081 /* Sources */ = {
			isa = PBXSourcesBuildPhase;
			buildActionMask = 2147483647;
			files = (
				5BF2DB052311CE2900B06081 /* QuizViewModel.swift in Sources */,
				5BF2DAEE2311CB7100B06081 /* AppDelegate.swift in Sources */,
				5BF2DB0F2312F9C100B06081 /* XibLoadedView.swift in Sources */,
				5BF2DB0A2311D4A500B06081 /* NetworkManager.swift in Sources */,
				5BF2DB032311CE1000B06081 /* QuizViewController.swift in Sources */,
				5BF2DB072311CE4F00B06081 /* Quiz.swift in Sources */,
				5BF2DB0D2312F9B600B06081 /* SearchHeaderView.swift in Sources */,
			);
			runOnlyForDeploymentPostprocessing = 0;
		};
/* End PBXSourcesBuildPhase section */

/* Begin PBXVariantGroup section */
		5BF2DAF12311CB7100B06081 /* Main.storyboard */ = {
			isa = PBXVariantGroup;
			children = (
				5BF2DAF22311CB7100B06081 /* Base */,
			);
			name = Main.storyboard;
			sourceTree = "<group>";
		};
		5BF2DAF62311CB7300B06081 /* LaunchScreen.storyboard */ = {
			isa = PBXVariantGroup;
			children = (
				5BF2DAF72311CB7300B06081 /* Base */,
			);
			name = LaunchScreen.storyboard;
			sourceTree = "<group>";
		};
/* End PBXVariantGroup section */

/* Begin XCBuildConfiguration section */
		5BF2DAFA2311CB7300B06081 /* Debug */ = {
			isa = XCBuildConfiguration;
			buildSettings = {
				ALWAYS_SEARCH_USER_PATHS = NO;
				CLANG_ANALYZER_NONNULL = YES;
				CLANG_ANALYZER_NUMBER_OBJECT_CONVERSION = YES_AGGRESSIVE;
				CLANG_CXX_LANGUAGE_STANDARD = "gnu++14";
				CLANG_CXX_LIBRARY = "libc++";
				CLANG_ENABLE_MODULES = YES;
				CLANG_ENABLE_OBJC_ARC = YES;
				CLANG_ENABLE_OBJC_WEAK = YES;
				CLANG_WARN_BLOCK_CAPTURE_AUTORELEASING = YES;
				CLANG_WARN_BOOL_CONVERSION = YES;
				CLANG_WARN_COMMA = YES;
				CLANG_WARN_CONSTANT_CONVERSION = YES;
				CLANG_WARN_DEPRECATED_OBJC_IMPLEMENTATIONS = YES;
				CLANG_WARN_DIRECT_OBJC_ISA_USAGE = YES_ERROR;
				CLANG_WARN_DOCUMENTATION_COMMENTS = YES;
				CLANG_WARN_EMPTY_BODY = YES;
				CLANG_WARN_ENUM_CONVERSION = YES;
				CLANG_WARN_INFINITE_RECURSION = YES;
				CLANG_WARN_INT_CONVERSION = YES;
				CLANG_WARN_NON_LITERAL_NULL_CONVERSION = YES;
				CLANG_WARN_OBJC_IMPLICIT_RETAIN_SELF = YES;
				CLANG_WARN_OBJC_LITERAL_CONVERSION = YES;
				CLANG_WARN_OBJC_ROOT_CLASS = YES_ERROR;
				CLANG_WARN_RANGE_LOOP_ANALYSIS = YES;
				CLANG_WARN_STRICT_PROTOTYPES = YES;
				CLANG_WARN_SUSPICIOUS_MOVE = YES;
				CLANG_WARN_UNGUARDED_AVAILABILITY = YES_AGGRESSIVE;
				CLANG_WARN_UNREACHABLE_CODE = YES;
				CLANG_WARN__DUPLICATE_METHOD_MATCH = YES;
				CODE_SIGN_IDENTITY = "iPhone Developer";
				COPY_PHASE_STRIP = NO;
				DEBUG_INFORMATION_FORMAT = dwarf;
				ENABLE_STRICT_OBJC_MSGSEND = YES;
				ENABLE_TESTABILITY = YES;
				GCC_C_LANGUAGE_STANDARD = gnu11;
				GCC_DYNAMIC_NO_PIC = NO;
				GCC_NO_COMMON_BLOCKS = YES;
				GCC_OPTIMIZATION_LEVEL = 0;
				GCC_PREPROCESSOR_DEFINITIONS = (
					"DEBUG=1",
					"$(inherited)",
				);
				GCC_WARN_64_TO_32_BIT_CONVERSION = YES;
				GCC_WARN_ABOUT_RETURN_TYPE = YES_ERROR;
				GCC_WARN_UNDECLARED_SELECTOR = YES;
				GCC_WARN_UNINITIALIZED_AUTOS = YES_AGGRESSIVE;
				GCC_WARN_UNUSED_FUNCTION = YES;
				GCC_WARN_UNUSED_VARIABLE = YES;
				IPHONEOS_DEPLOYMENT_TARGET = 12.4;
				MTL_ENABLE_DEBUG_INFO = INCLUDE_SOURCE;
				MTL_FAST_MATH = YES;
				ONLY_ACTIVE_ARCH = YES;
				SDKROOT = iphoneos;
				SWIFT_ACTIVE_COMPILATION_CONDITIONS = DEBUG;
				SWIFT_OPTIMIZATION_LEVEL = "-Onone";
			};
			name = Debug;
		};
		5BF2DAFB2311CB7300B06081 /* Release */ = {
			isa = XCBuildConfiguration;
			buildSettings = {
				ALWAYS_SEARCH_USER_PATHS = NO;
				CLANG_ANALYZER_NONNULL = YES;
				CLANG_ANALYZER_NUMBER_OBJECT_CONVERSION = YES_AGGRESSIVE;
				CLANG_CXX_LANGUAGE_STANDARD = "gnu++14";
				CLANG_CXX_LIBRARY = "libc++";
				CLANG_ENABLE_MODULES = YES;
				CLANG_ENABLE_OBJC_ARC = YES;
				CLANG_ENABLE_OBJC_WEAK = YES;
				CLANG_WARN_BLOCK_CAPTURE_AUTORELEASING = YES;
				CLANG_WARN_BOOL_CONVERSION = YES;
				CLANG_WARN_COMMA = YES;
				CLANG_WARN_CONSTANT_CONVERSION = YES;
				CLANG_WARN_DEPRECATED_OBJC_IMPLEMENTATIONS = YES;
				CLANG_WARN_DIRECT_OBJC_ISA_USAGE = YES_ERROR;
				CLANG_WARN_DOCUMENTATION_COMMENTS = YES;
				CLANG_WARN_EMPTY_BODY = YES;
				CLANG_WARN_ENUM_CONVERSION = YES;
				CLANG_WARN_INFINITE_RECURSION = YES;
				CLANG_WARN_INT_CONVERSION = YES;
				CLANG_WARN_NON_LITERAL_NULL_CONVERSION = YES;
				CLANG_WARN_OBJC_IMPLICIT_RETAIN_SELF = YES;
				CLANG_WARN_OBJC_LITERAL_CONVERSION = YES;
				CLANG_WARN_OBJC_ROOT_CLASS = YES_ERROR;
				CLANG_WARN_RANGE_LOOP_ANALYSIS = YES;
				CLANG_WARN_STRICT_PROTOTYPES = YES;
				CLANG_WARN_SUSPICIOUS_MOVE = YES;
				CLANG_WARN_UNGUARDED_AVAILABILITY = YES_AGGRESSIVE;
				CLANG_WARN_UNREACHABLE_CODE = YES;
				CLANG_WARN__DUPLICATE_METHOD_MATCH = YES;
				CODE_SIGN_IDENTITY = "iPhone Developer";
				COPY_PHASE_STRIP = NO;
				DEBUG_INFORMATION_FORMAT = "dwarf-with-dsym";
				ENABLE_NS_ASSERTIONS = NO;
				ENABLE_STRICT_OBJC_MSGSEND = YES;
				GCC_C_LANGUAGE_STANDARD = gnu11;
				GCC_NO_COMMON_BLOCKS = YES;
				GCC_WARN_64_TO_32_BIT_CONVERSION = YES;
				GCC_WARN_ABOUT_RETURN_TYPE = YES_ERROR;
				GCC_WARN_UNDECLARED_SELECTOR = YES;
				GCC_WARN_UNINITIALIZED_AUTOS = YES_AGGRESSIVE;
				GCC_WARN_UNUSED_FUNCTION = YES;
				GCC_WARN_UNUSED_VARIABLE = YES;
				IPHONEOS_DEPLOYMENT_TARGET = 12.4;
				MTL_ENABLE_DEBUG_INFO = NO;
				MTL_FAST_MATH = YES;
				SDKROOT = iphoneos;
				SWIFT_COMPILATION_MODE = wholemodule;
				SWIFT_OPTIMIZATION_LEVEL = "-O";
				VALIDATE_PRODUCT = YES;
			};
			name = Release;
		};
		5BF2DAFD2311CB7300B06081 /* Debug */ = {
			isa = XCBuildConfiguration;
			buildSettings = {
				ASSETCATALOG_COMPILER_APPICON_NAME = AppIcon;
				CODE_SIGN_STYLE = Automatic;
				DEVELOPMENT_TEAM = G8PJPBXRKP;
				INFOPLIST_FILE = javaquiz/Info.plist;
				IPHONEOS_DEPLOYMENT_TARGET = 12.0;
				LD_RUNPATH_SEARCH_PATHS = (
					"$(inherited)",
					"@executable_path/Frameworks",
				);
				PRODUCT_BUNDLE_IDENTIFIER = br.com.andrebedran.javaquiz;
				PRODUCT_NAME = "$(TARGET_NAME)";
				SWIFT_VERSION = 5.0;
				TARGETED_DEVICE_FAMILY = "1,2";
			};
			name = Debug;
		};
		5BF2DAFE2311CB7300B06081 /* Release */ = {
			isa = XCBuildConfiguration;
			buildSettings = {
				ASSETCATALOG_COMPILER_APPICON_NAME = AppIcon;
				CODE_SIGN_STYLE = Automatic;
				DEVELOPMENT_TEAM = G8PJPBXRKP;
				INFOPLIST_FILE = javaquiz/Info.plist;
				IPHONEOS_DEPLOYMENT_TARGET = 12.0;
				LD_RUNPATH_SEARCH_PATHS = (
					"$(inherited)",
					"@executable_path/Frameworks",
				);
				PRODUCT_BUNDLE_IDENTIFIER = br.com.andrebedran.javaquiz;
				PRODUCT_NAME = "$(TARGET_NAME)";
				SWIFT_VERSION = 5.0;
				TARGETED_DEVICE_FAMILY = "1,2";
			};
			name = Release;
		};
/* End XCBuildConfiguration section */

/* Begin XCConfigurationList section */
		5BF2DAE52311CB7100B06081 /* Build configuration list for PBXProject "javaquiz" */ = {
			isa = XCConfigurationList;
			buildConfigurations = (
				5BF2DAFA2311CB7300B06081 /* Debug */,
				5BF2DAFB2311CB7300B06081 /* Release */,
			);
			defaultConfigurationIsVisible = 0;
			defaultConfigurationName = Release;
		};
		5BF2DAFC2311CB7300B06081 /* Build configuration list for PBXNativeTarget "javaquiz" */ = {
			isa = XCConfigurationList;
			buildConfigurations = (
				5BF2DAFD2311CB7300B06081 /* Debug */,
				5BF2DAFE2311CB7300B06081 /* Release */,
			);
			defaultConfigurationIsVisible = 0;
			defaultConfigurationName = Release;
		};
/* End XCConfigurationList section */
	};
	rootObject = 5BF2DAE22311CB7100B06081 /* Project object */;
}
